
Microsoft Visual Studio Solution File, Format Version 12.00
# Visual Studio Version 16
VisualStudioVersion = 16.0.31321.278
MinimumVisualStudioVersion = 10.0.40219.1
Project("{FAE04EC0-301F-11D3-BF4B-00C04F79EFBC}") = "Assignment 2", "Assignment 2.csproj", "{2BE7A286-95EE-423C-94E7-585B44427A61}"
EndProject
Global
	GlobalSection(SolutionConfigurationPlatforms) = preSolution
		Debug|Any CPU = Debug|Any CPU
		Release|Any CPU = Release|Any CPU
	EndGlobalSection
	GlobalSection(ProjectConfigurationPlatforms) = postSolution
		{2BE7A286-95EE-423C-94E7-585B44427A61}.Debug|Any CPU.ActiveCfg = Debug|Any CPU
		{2BE7A286-95EE-423C-94E7-585B44427A61}.Debug|Any CPU.Build.0 = Debug|Any CPU
		{2BE7A286-95EE-423C-94E7-585B44427A61}.Release|Any CPU.ActiveCfg = Release|Any CPU
		{2BE7A286-95EE-423C-94E7-585B44427A61}.Release|Any CPU.Build.0 = Release|Any CPU
	EndGlobalSection
	GlobalSection(SolutionProperties) = preSolution
		HideSolutionNode = FALSE
	EndGlobalSection
	GlobalSection(ExtensibilityGlobals) = postSolution
		SolutionGuid = {DEBDA48E-7835-455A-A4F8-B31F69F39AF2}
	EndGlobalSection
EndGlobal
